
Microsoft Visual Studio Solution File, Format Version 12.00
# Visual Studio Version 17
VisualStudioVersion = 17.0.31903.59
MinimumVisualStudioVersion = 10.0.40219.1
Project("{FAE04EC0-301F-11D3-BF4B-00C04F79EFBC}") = "MusicPlayer.Core", "MusicPlayer.Core\MusicPlayer.Core.csproj", "{015F832B-0D83-41E0-A8BE-9CC5882557CF}"
EndProject
Project("{FAE04EC0-301F-11D3-BF4B-00C04F79EFBC}") = "MusicPlayer.Infrastructure", "MusicPlayer.Infrastructure\MusicPlayer.Infrastructure.csproj", "{B29EFB78-38DB-4997-9101-6685D0281486}"
EndProject
Project("{FAE04EC0-301F-11D3-BF4B-00C04F79EFBC}") = "MusicPlayer.API", "MusicPlayer.API\MusicPlayer.API.csproj", "{6504F87D-3583-4A9D-81B1-E815A99A6B85}"
EndProject
Global
	GlobalSection(SolutionConfigurationPlatforms) = preSolution
		Debug|Any CPU = Debug|Any CPU
		Release|Any CPU = Release|Any CPU
	EndGlobalSection
	GlobalSection(SolutionProperties) = preSolution
		HideSolutionNode = FALSE
	EndGlobalSection
	GlobalSection(ProjectConfigurationPlatforms) = postSolution
		{015F832B-0D83-41E0-A8BE-9CC5882557CF}.Debug|Any CPU.ActiveCfg = Debug|Any CPU
		{015F832B-0D83-41E0-A8BE-9CC5882557CF}.Debug|Any CPU.Build.0 = Debug|Any CPU
		{015F832B-0D83-41E0-A8BE-9CC5882557CF}.Release|Any CPU.ActiveCfg = Release|Any CPU
		{015F832B-0D83-41E0-A8BE-9CC5882557CF}.Release|Any CPU.Build.0 = Release|Any CPU
		{B29EFB78-38DB-4997-9101-6685D0281486}.Debug|Any CPU.ActiveCfg = Debug|Any CPU
		{B29EFB78-38DB-4997-9101-6685D0281486}.Debug|Any CPU.Build.0 = Debug|Any CPU
		{B29EFB78-38DB-4997-9101-6685D0281486}.Release|Any CPU.ActiveCfg = Release|Any CPU
		{B29EFB78-38DB-4997-9101-6685D0281486}.Release|Any CPU.Build.0 = Release|Any CPU
		{6504F87D-3583-4A9D-81B1-E815A99A6B85}.Debug|Any CPU.ActiveCfg = Debug|Any CPU
		{6504F87D-3583-4A9D-81B1-E815A99A6B85}.Debug|Any CPU.Build.0 = Debug|Any CPU
		{6504F87D-3583-4A9D-81B1-E815A99A6B85}.Release|Any CPU.ActiveCfg = Release|Any CPU
		{6504F87D-3583-4A9D-81B1-E815A99A6B85}.Release|Any CPU.Build.0 = Release|Any CPU
	EndGlobalSection
EndGlobal
